<Solution>
  <Folder Name="/src/">
    <Project Path="src/DGC.Sample.Api/DGC.Sample.Api.csproj" />
    <Project Path="src/DGC.Sample.Application/DGC.Sample.Application.csproj" />
    <Project Path="src/DGC.Sample.Domain/DGC.Sample.Domain.csproj" />
    <Project Path="src/DGC.Sample.Infrastructure/DGC.Sample.Infrastructure.csproj" />
  </Folder>
  <Folder Name="/tests/">
    <Project Path="tests/DGC.Sample.UnitTests/DGC.Sample.UnitTests.csproj" />
  </Folder>
</Solution>
